
Microsoft Visual Studio Solution File, Format Version 12.00
# Visual Studio Version 16
VisualStudioVersion = 16.0.29306.81
MinimumVisualStudioVersion = 10.0.40219.1
Project("{9A19103F-16F7-4668-BE54-9A1E7A4F7556}") = "Collections", "Collections\Collections.csproj", "{4408A7EC-16E2-478E-9236-F621419B0AF4}"
EndProject
Project("{9A19103F-16F7-4668-BE54-9A1E7A4F7556}") = "Collections.Test", "Collections.Test\Collections.Test.csproj", "{BFC92E39-A6DD-41F0-AF4D-F4C0EC290407}"
EndProject
Global
	GlobalSection(SolutionConfigurationPlatforms) = preSolution
		Debug|Any CPU = Debug|Any CPU
		Release|Any CPU = Release|Any CPU
	EndGlobalSection
	GlobalSection(ProjectConfigurationPlatforms) = postSolution
		{4408A7EC-16E2-478E-9236-F621419B0AF4}.Debug|Any CPU.ActiveCfg = Debug|Any CPU
		{4408A7EC-16E2-478E-9236-F621419B0AF4}.Debug|Any CPU.Build.0 = Debug|Any CPU
		{4408A7EC-16E2-478E-9236-F621419B0AF4}.Release|Any CPU.ActiveCfg = Release|Any CPU
		{4408A7EC-16E2-478E-9236-F621419B0AF4}.Release|Any CPU.Build.0 = Release|Any CPU
		{BFC92E39-A6DD-41F0-AF4D-F4C0EC290407}.Debug|Any CPU.ActiveCfg = Debug|Any CPU
		{BFC92E39-A6DD-41F0-AF4D-F4C0EC290407}.Debug|Any CPU.Build.0 = Debug|Any CPU
		{BFC92E39-A6DD-41F0-AF4D-F4C0EC290407}.Release|Any CPU.ActiveCfg = Release|Any CPU
		{BFC92E39-A6DD-41F0-AF4D-F4C0EC290407}.Release|Any CPU.Build.0 = Release|Any CPU
	EndGlobalSection
	GlobalSection(SolutionProperties) = preSolution
		HideSolutionNode = FALSE
	EndGlobalSection
	GlobalSection(ExtensibilityGlobals) = postSolution
		SolutionGuid = {DE9F2376-878A-47FC-88EB-382EA85B80C1}
	EndGlobalSection
EndGlobal
